
Microsoft Visual Studio Solution File, Format Version 12.00
# Visual Studio Version 17
VisualStudioVersion = 17.14.36121.58
MinimumVisualStudioVersion = 10.0.40219.1
Project("{2150E333-8FDC-42A3-9474-1A3956D46DE8}") = "1-Web", "1-Web", "{02EA681E-C7D8-13C7-8484-4AC65E1B71E8}"
EndProject
Project("{FAE04EC0-301F-11D3-BF4B-00C04F79EFBC}") = "BitTech.Vendas.Api.Web", "src\BitTech.Vendas.Api.Web\BitTech.Vendas.Api.Web.csproj", "{5062E542-536D-4A7F-885A-17CDEC0392F2}"
EndProject
Project("{2150E333-8FDC-42A3-9474-1A3956D46DE8}") = "2-Application", "2-Application", "{9C018018-CF41-4EDF-B9DE-6FD561A23A07}"
EndProject
Project("{2150E333-8FDC-42A3-9474-1A3956D46DE8}") = "3-Domain", "3-Domain", "{949EBF8D-70A2-445E-876E-116E572973F5}"
EndProject
Project("{2150E333-8FDC-42A3-9474-1A3956D46DE8}") = "4-Infrastructure", "4-Infrastructure", "{89D55C51-A672-489D-A9AD-607C9717061B}"
EndProject
Project("{FAE04EC0-301F-11D3-BF4B-00C04F79EFBC}") = "BitTech.Vendas.Api.Application", "src\BitTech.Vendas.Api.Application\BitTech.Vendas.Api.Application.csproj", "{B11D2F6B-E985-4C2C-9927-BF0155D7611A}"
EndProject
Project("{FAE04EC0-301F-11D3-BF4B-00C04F79EFBC}") = "BitTech.Vendas.Api.Domain", "src\BitTech.Vendas.Api.Domain\BitTech.Vendas.Api.Domain.csproj", "{5FA1DE72-61E7-429B-BBFE-D1C622FC8911}"
EndProject
Project("{2150E333-8FDC-42A3-9474-1A3956D46DE8}") = "4.1-Data", "4.1-Data", "{0E6C6BC2-8E20-4607-BD41-D917DFFE2431}"
EndProject
Project("{FAE04EC0-301F-11D3-BF4B-00C04F79EFBC}") = "BitTech.Vendas.Api.Data", "src\BitTech.Vendas.Api.Data\BitTech.Vendas.Api.Data.csproj", "{C60F8C5B-145C-47BB-8821-7E6B845DED81}"
EndProject
Global
	GlobalSection(SolutionConfigurationPlatforms) = preSolution
		Debug|Any CPU = Debug|Any CPU
		Release|Any CPU = Release|Any CPU
	EndGlobalSection
	GlobalSection(ProjectConfigurationPlatforms) = postSolution
		{5062E542-536D-4A7F-885A-17CDEC0392F2}.Debug|Any CPU.ActiveCfg = Debug|Any CPU
		{5062E542-536D-4A7F-885A-17CDEC0392F2}.Debug|Any CPU.Build.0 = Debug|Any CPU
		{5062E542-536D-4A7F-885A-17CDEC0392F2}.Release|Any CPU.ActiveCfg = Release|Any CPU
		{5062E542-536D-4A7F-885A-17CDEC0392F2}.Release|Any CPU.Build.0 = Release|Any CPU
		{B11D2F6B-E985-4C2C-9927-BF0155D7611A}.Debug|Any CPU.ActiveCfg = Debug|Any CPU
		{B11D2F6B-E985-4C2C-9927-BF0155D7611A}.Debug|Any CPU.Build.0 = Debug|Any CPU
		{B11D2F6B-E985-4C2C-9927-BF0155D7611A}.Release|Any CPU.ActiveCfg = Release|Any CPU
		{B11D2F6B-E985-4C2C-9927-BF0155D7611A}.Release|Any CPU.Build.0 = Release|Any CPU
		{5FA1DE72-61E7-429B-BBFE-D1C622FC8911}.Debug|Any CPU.ActiveCfg = Debug|Any CPU
		{5FA1DE72-61E7-429B-BBFE-D1C622FC8911}.Debug|Any CPU.Build.0 = Debug|Any CPU
		{5FA1DE72-61E7-429B-BBFE-D1C622FC8911}.Release|Any CPU.ActiveCfg = Release|Any CPU
		{5FA1DE72-61E7-429B-BBFE-D1C622FC8911}.Release|Any CPU.Build.0 = Release|Any CPU
		{C60F8C5B-145C-47BB-8821-7E6B845DED81}.Debug|Any CPU.ActiveCfg = Debug|Any CPU
		{C60F8C5B-145C-47BB-8821-7E6B845DED81}.Debug|Any CPU.Build.0 = Debug|Any CPU
		{C60F8C5B-145C-47BB-8821-7E6B845DED81}.Release|Any CPU.ActiveCfg = Release|Any CPU
		{C60F8C5B-145C-47BB-8821-7E6B845DED81}.Release|Any CPU.Build.0 = Release|Any CPU
	EndGlobalSection
	GlobalSection(SolutionProperties) = preSolution
		HideSolutionNode = FALSE
	EndGlobalSection
	GlobalSection(NestedProjects) = preSolution
		{5062E542-536D-4A7F-885A-17CDEC0392F2} = {02EA681E-C7D8-13C7-8484-4AC65E1B71E8}
		{B11D2F6B-E985-4C2C-9927-BF0155D7611A} = {9C018018-CF41-4EDF-B9DE-6FD561A23A07}
		{5FA1DE72-61E7-429B-BBFE-D1C622FC8911} = {949EBF8D-70A2-445E-876E-116E572973F5}
		{0E6C6BC2-8E20-4607-BD41-D917DFFE2431} = {89D55C51-A672-489D-A9AD-607C9717061B}
		{C60F8C5B-145C-47BB-8821-7E6B845DED81} = {0E6C6BC2-8E20-4607-BD41-D917DFFE2431}
	EndGlobalSection
	GlobalSection(ExtensibilityGlobals) = postSolution
		SolutionGuid = {F9A1CA50-A7CB-4019-BC82-FD98104D0C9A}
	EndGlobalSection
EndGlobal
